
Microsoft Visual Studio Solution File, Format Version 12.00
# Visual Studio 15
VisualStudioVersion = 15.0.28307.1800
MinimumVisualStudioVersion = 10.0.40219.1
Project("{9A19103F-16F7-4668-BE54-9A1E7A4F7556}") = "CloudOn", "CloudOn\CloudOn.csproj", "{C969C3C5-42E2-4F1C-8C6A-827719730C75}"
EndProject
Global
	GlobalSection(SolutionConfigurationPlatforms) = preSolution
		Debug|Any CPU = Debug|Any CPU
		Release|Any CPU = Release|Any CPU
	EndGlobalSection
	GlobalSection(ProjectConfigurationPlatforms) = postSolution
		{C969C3C5-42E2-4F1C-8C6A-827719730C75}.Debug|Any CPU.ActiveCfg = Debug|Any CPU
		{C969C3C5-42E2-4F1C-8C6A-827719730C75}.Debug|Any CPU.Build.0 = Debug|Any CPU
		{C969C3C5-42E2-4F1C-8C6A-827719730C75}.Release|Any CPU.ActiveCfg = Release|Any CPU
		{C969C3C5-42E2-4F1C-8C6A-827719730C75}.Release|Any CPU.Build.0 = Release|Any CPU
	EndGlobalSection
	GlobalSection(SolutionProperties) = preSolution
		HideSolutionNode = FALSE
	EndGlobalSection
	GlobalSection(ExtensibilityGlobals) = postSolution
		SolutionGuid = {395C05BC-CA27-4850-BE75-6EB542D8459F}
	EndGlobalSection
EndGlobal
